{
  "object": {
    "pins": [
      {
        "package": "unstandard",
        "repositoryURL": "https://github.com/christopherweems/unstandard.git",
        "state": {
          "branch": "master",
          "revision": "2ea42402718f62fff5b9963093c2e16eacebc16e",
          "version": null
        }
      }
    ]
  },
  "version": 1
}
