{
  "object": {
    "pins": [
      {
        "package": "swift-argument-parser",
        "repositoryURL": "https://github.com/apple/swift-argument-parser",
        "state": {
          "branch": null,
          "revision": "7255fd547f70468e19abbac5f7964f1ef309ad92",
          "version": "0.2.1"
        }
      },
      {
        "package": "unstandard",
        "repositoryURL": "https://github.com/christopherweems/unstandard.git",
        "state": {
          "branch": "main",
          "revision": "f07584c453652aa1e5121f6767d70382cc3a7533",
          "version": null
        }
      }
    ]
  },
  "version": 1
}
